
Microsoft Visual Studio Solution File, Format Version 12.00
# Visual Studio 14
VisualStudioVersion = 14.0.25420.1
MinimumVisualStudioVersion = 10.0.40219.1
Project("{FAE04EC0-301F-11D3-BF4B-00C04F79EFBC}") = "GoodBearMongoLogger", "GoodBearMongoLogger\GoodBearMongoLogger.csproj", "{9E116E98-79BD-465D-838F-E759673177F7}"
EndProject
Project("{FAE04EC0-301F-11D3-BF4B-00C04F79EFBC}") = "GoodBearMongoLogger.Demo", "GoodBearMongoLogger.Demo\GoodBearMongoLogger.Demo.csproj", "{8E9E87F1-3F47-4F95-BA24-4FEB97B7DE66}"
EndProject
Project("{FAE04EC0-301F-11D3-BF4B-00C04F79EFBC}") = "GoodBearMongoLogger.Autofac", "GoodBearMongoLogger.Autofac\GoodBearMongoLogger.Autofac.csproj", "{6EE1191F-D191-4745-8149-F8F6ED681B2E}"
EndProject
Global
	GlobalSection(SolutionConfigurationPlatforms) = preSolution
		Debug|Any CPU = Debug|Any CPU
		Release|Any CPU = Release|Any CPU
	EndGlobalSection
	GlobalSection(ProjectConfigurationPlatforms) = postSolution
		{9E116E98-79BD-465D-838F-E759673177F7}.Debug|Any CPU.ActiveCfg = Debug|Any CPU
		{9E116E98-79BD-465D-838F-E759673177F7}.Debug|Any CPU.Build.0 = Debug|Any CPU
		{9E116E98-79BD-465D-838F-E759673177F7}.Release|Any CPU.ActiveCfg = Release|Any CPU
		{9E116E98-79BD-465D-838F-E759673177F7}.Release|Any CPU.Build.0 = Release|Any CPU
		{8E9E87F1-3F47-4F95-BA24-4FEB97B7DE66}.Debug|Any CPU.ActiveCfg = Debug|Any CPU
		{8E9E87F1-3F47-4F95-BA24-4FEB97B7DE66}.Debug|Any CPU.Build.0 = Debug|Any CPU
		{8E9E87F1-3F47-4F95-BA24-4FEB97B7DE66}.Release|Any CPU.ActiveCfg = Release|Any CPU
		{8E9E87F1-3F47-4F95-BA24-4FEB97B7DE66}.Release|Any CPU.Build.0 = Release|Any CPU
		{6EE1191F-D191-4745-8149-F8F6ED681B2E}.Debug|Any CPU.ActiveCfg = Debug|Any CPU
		{6EE1191F-D191-4745-8149-F8F6ED681B2E}.Debug|Any CPU.Build.0 = Debug|Any CPU
		{6EE1191F-D191-4745-8149-F8F6ED681B2E}.Release|Any CPU.ActiveCfg = Release|Any CPU
		{6EE1191F-D191-4745-8149-F8F6ED681B2E}.Release|Any CPU.Build.0 = Release|Any CPU
	EndGlobalSection
	GlobalSection(SolutionProperties) = preSolution
		HideSolutionNode = FALSE
	EndGlobalSection
EndGlobal
